// !$*UTF8*$!
{
	archiveVersion = 1;
	classes = {
	};
	objectVersion = 56;
	objects = {

/* Begin PBXBuildFile section */
		43D9D30429DD93160076CF5B /* AppDelegate.swift in Sources */ = {isa = PBXBuildFile; fileRef = 43D9D30329DD93160076CF5B /* AppDelegate.swift */; };
		43D9D30829DD93160076CF5B /* ViewController.swift in Sources */ = {isa = PBXBuildFile; fileRef = 43D9D30729DD93160076CF5B /* ViewController.swift */; };
		43D9D30B29DD93160076CF5B /* Main.storyboard in Resources */ = {isa = PBXBuildFile; fileRef = 43D9D30929DD93160076CF5B /* Main.storyboard */; };
		43D9D30D29DD93180076CF5B /* Assets.xcassets in Resources */ = {isa = PBXBuildFile; fileRef = 43D9D30C29DD93180076CF5B /* Assets.xcassets */; };
		43D9D31029DD93180076CF5B /* LaunchScreen.storyboard in Resources */ = {isa = PBXBuildFile; fileRef = 43D9D30E29DD93180076CF5B /* LaunchScreen.storyboard */; };
		43D9D32229DD95190076CF5B /* Coordinator.swift in Sources */ = {isa = PBXBuildFile; fileRef = 43D9D32129DD95190076CF5B /* Coordinator.swift */; };
		43D9D32429DD96FC0076CF5B /* .gitignore in Resources */ = {isa = PBXBuildFile; fileRef = 43D9D32329DD96FC0076CF5B /* .gitignore */; };
/* End PBXBuildFile section */

/* Begin PBXFileReference section */
		43D9D30029DD93160076CF5B /* Breakfast.app */ = {isa = PBXFileReference; explicitFileType = wrapper.application; includeInIndex = 0; path = Breakfast.app; sourceTree = BUILT_PRODUCTS_DIR; };
		43D9D30329DD93160076CF5B /* AppDelegate.swift */ = {isa = PBXFileReference; lastKnownFileType = sourcecode.swift; path = AppDelegate.swift; sourceTree = "<group>"; };
		43D9D30729DD93160076CF5B /* ViewController.swift */ = {isa = PBXFileReference; lastKnownFileType = sourcecode.swift; path = ViewController.swift; sourceTree = "<group>"; };
		43D9D30A29DD93160076CF5B /* Base */ = {isa = PBXFileReference; lastKnownFileType = file.storyboard; name = Base; path = Base.lproj/Main.storyboard; sourceTree = "<group>"; };
		43D9D30C29DD93180076CF5B /* Assets.xcassets */ = {isa = PBXFileReference; lastKnownFileType = folder.assetcatalog; path = Assets.xcassets; sourceTree = "<group>"; };
		43D9D30F29DD93180076CF5B /* Base */ = {isa = PBXFileReference; lastKnownFileType = file.storyboard; name = Base; path = Base.lproj/LaunchScreen.storyboard; sourceTree = "<group>"; };
		43D9D31129DD93180076CF5B /* Info.plist */ = {isa = PBXFileReference; lastKnownFileType = text.plist.xml; path = Info.plist; sourceTree = "<group>"; };
		43D9D32129DD95190076CF5B /* Coordinator.swift */ = {isa = PBXFileReference; lastKnownFileType = sourcecode.swift; path = Coordinator.swift; sourceTree = "<group>"; };
		43D9D32329DD96FC0076CF5B /* .gitignore */ = {isa = PBXFileReference; lastKnownFileType = text; path = .gitignore; sourceTree = "<group>"; };
/* End PBXFileReference section */

/* Begin PBXFrameworksBuildPhase section */
		43D9D2FD29DD93160076CF5B /* Frameworks */ = {
			isa = PBXFrameworksBuildPhase;
			buildActionMask = 2147483647;
			files = (
			);
			runOnlyForDeploymentPostprocessing = 0;
		};
/* End PBXFrameworksBuildPhase section */

/* Begin PBXGroup section */
		43D9D2F729DD93160076CF5B = {
			isa = PBXGroup;
			children = (
				43D9D30229DD93160076CF5B /* Breakfast */,
				43D9D30129DD93160076CF5B /* Products */,
			);
			sourceTree = "<group>";
		};
		43D9D30129DD93160076CF5B /* Products */ = {
			isa = PBXGroup;
			children = (
				43D9D30029DD93160076CF5B /* Breakfast.app */,
			);
			name = Products;
			sourceTree = "<group>";
		};
		43D9D30229DD93160076CF5B /* Breakfast */ = {
			isa = PBXGroup;
			children = (
				43D9D31829DD93C10076CF5B /* Module */,
				43D9D31E29DD94490076CF5B /* Model */,
				43D9D31729DD93670076CF5B /* Supporting */,
				43D9D30929DD93160076CF5B /* Main.storyboard */,
				43D9D30C29DD93180076CF5B /* Assets.xcassets */,
				43D9D30E29DD93180076CF5B /* LaunchScreen.storyboard */,
				43D9D31129DD93180076CF5B /* Info.plist */,
			);
			path = Breakfast;
			sourceTree = "<group>";
		};
		43D9D31729DD93670076CF5B /* Supporting */ = {
			isa = PBXGroup;
			children = (
				43D9D32029DD950D0076CF5B /* Coordinator */,
				43D9D31F29DD94EF0076CF5B /* Application */,
			);
			path = Supporting;
			sourceTree = "<group>";
		};
		43D9D31829DD93C10076CF5B /* Module */ = {
			isa = PBXGroup;
			children = (
				43D9D31A29DD93EB0076CF5B /* RecipecScreen */,
				43D9D31D29DD94400076CF5B /* ViewModel */,
			);
			path = Module;
			sourceTree = "<group>";
		};
		43D9D31A29DD93EB0076CF5B /* RecipecScreen */ = {
			isa = PBXGroup;
			children = (
				43D9D31B29DD94080076CF5B /* View */,
			);
			path = RecipecScreen;
			sourceTree = "<group>";
		};
		43D9D31B29DD94080076CF5B /* View */ = {
			isa = PBXGroup;
			children = (
				43D9D30729DD93160076CF5B /* ViewController.swift */,
				43D9D31C29DD94150076CF5B /* Cell */,
			);
			path = View;
			sourceTree = "<group>";
		};
		43D9D31C29DD94150076CF5B /* Cell */ = {
			isa = PBXGroup;
			children = (
			);
			path = Cell;
			sourceTree = "<group>";
		};
		43D9D31D29DD94400076CF5B /* ViewModel */ = {
			isa = PBXGroup;
			children = (
			);
			path = ViewModel;
			sourceTree = "<group>";
		};
		43D9D31E29DD94490076CF5B /* Model */ = {
			isa = PBXGroup;
			children = (
			);
			path = Model;
			sourceTree = "<group>";
		};
		43D9D31F29DD94EF0076CF5B /* Application */ = {
			isa = PBXGroup;
			children = (
				43D9D32529DD97060076CF5B /* Git */,
				43D9D30329DD93160076CF5B /* AppDelegate.swift */,
			);
			path = Application;
			sourceTree = "<group>";
		};
		43D9D32029DD950D0076CF5B /* Coordinator */ = {
			isa = PBXGroup;
			children = (
				43D9D32129DD95190076CF5B /* Coordinator.swift */,
			);
			name = Coordinator;
			sourceTree = "<group>";
		};
		43D9D32529DD97060076CF5B /* Git */ = {
			isa = PBXGroup;
			children = (
				43D9D32329DD96FC0076CF5B /* .gitignore */,
			);
			path = Git;
			sourceTree = "<group>";
		};
/* End PBXGroup section */

/* Begin PBXNativeTarget section */
		43D9D2FF29DD93160076CF5B /* Breakfast */ = {
			isa = PBXNativeTarget;
			buildConfigurationList = 43D9D31429DD93180076CF5B /* Build configuration list for PBXNativeTarget "Breakfast" */;
			buildPhases = (
				43D9D2FC29DD93160076CF5B /* Sources */,
				43D9D2FD29DD93160076CF5B /* Frameworks */,
				43D9D2FE29DD93160076CF5B /* Resources */,
			);
			buildRules = (
			);
			dependencies = (
			);
			name = Breakfast;
			productName = Breakfast;
			productReference = 43D9D30029DD93160076CF5B /* Breakfast.app */;
			productType = "com.apple.product-type.application";
		};
/* End PBXNativeTarget section */

/* Begin PBXProject section */
		43D9D2F829DD93160076CF5B /* Project object */ = {
			isa = PBXProject;
			attributes = {
				BuildIndependentTargetsInParallel = 1;
				LastSwiftUpdateCheck = 1420;
				LastUpgradeCheck = 1420;
				TargetAttributes = {
					43D9D2FF29DD93160076CF5B = {
						CreatedOnToolsVersion = 14.2;
					};
				};
			};
			buildConfigurationList = 43D9D2FB29DD93160076CF5B /* Build configuration list for PBXProject "Breakfast" */;
			compatibilityVersion = "Xcode 14.0";
			developmentRegion = en;
			hasScannedForEncodings = 0;
			knownRegions = (
				en,
				Base,
			);
			mainGroup = 43D9D2F729DD93160076CF5B;
			productRefGroup = 43D9D30129DD93160076CF5B /* Products */;
			projectDirPath = "";
			projectRoot = "";
			targets = (
				43D9D2FF29DD93160076CF5B /* Breakfast */,
			);
		};
/* End PBXProject section */

/* Begin PBXResourcesBuildPhase section */
		43D9D2FE29DD93160076CF5B /* Resources */ = {
			isa = PBXResourcesBuildPhase;
			buildActionMask = 2147483647;
			files = (
				43D9D32429DD96FC0076CF5B /* .gitignore in Resources */,
				43D9D31029DD93180076CF5B /* LaunchScreen.storyboard in Resources */,
				43D9D30D29DD93180076CF5B /* Assets.xcassets in Resources */,
				43D9D30B29DD93160076CF5B /* Main.storyboard in Resources */,
			);
			runOnlyForDeploymentPostprocessing = 0;
		};
/* End PBXResourcesBuildPhase section */

/* Begin PBXSourcesBuildPhase section */
		43D9D2FC29DD93160076CF5B /* Sources */ = {
			isa = PBXSourcesBuildPhase;
			buildActionMask = 2147483647;
			files = (
				43D9D32229DD95190076CF5B /* Coordinator.swift in Sources */,
				43D9D30829DD93160076CF5B /* ViewController.swift in Sources */,
				43D9D30429DD93160076CF5B /* AppDelegate.swift in Sources */,
			);
			runOnlyForDeploymentPostprocessing = 0;
		};
/* End PBXSourcesBuildPhase section */

/* Begin PBXVariantGroup section */
		43D9D30929DD93160076CF5B /* Main.storyboard */ = {
			isa = PBXVariantGroup;
			children = (
				43D9D30A29DD93160076CF5B /* Base */,
			);
			name = Main.storyboard;
			sourceTree = "<group>";
		};
		43D9D30E29DD93180076CF5B /* LaunchScreen.storyboard */ = {
			isa = PBXVariantGroup;
			children = (
				43D9D30F29DD93180076CF5B /* Base */,
			);
			name = LaunchScreen.storyboard;
			sourceTree = "<group>";
		};
/* End PBXVariantGroup section */

/* Begin XCBuildConfiguration section */
		43D9D31229DD93180076CF5B /* Debug */ = {
			isa = XCBuildConfiguration;
			buildSettings = {
				ALWAYS_SEARCH_USER_PATHS = NO;
				CLANG_ANALYZER_NONNULL = YES;
				CLANG_ANALYZER_NUMBER_OBJECT_CONVERSION = YES_AGGRESSIVE;
				CLANG_CXX_LANGUAGE_STANDARD = "gnu++20";
				CLANG_ENABLE_MODULES = YES;
				CLANG_ENABLE_OBJC_ARC = YES;
				CLANG_ENABLE_OBJC_WEAK = YES;
				CLANG_WARN_BLOCK_CAPTURE_AUTORELEASING = YES;
				CLANG_WARN_BOOL_CONVERSION = YES;
				CLANG_WARN_COMMA = YES;
				CLANG_WARN_CONSTANT_CONVERSION = YES;
				CLANG_WARN_DEPRECATED_OBJC_IMPLEMENTATIONS = YES;
				CLANG_WARN_DIRECT_OBJC_ISA_USAGE = YES_ERROR;
				CLANG_WARN_DOCUMENTATION_COMMENTS = YES;
				CLANG_WARN_EMPTY_BODY = YES;
				CLANG_WARN_ENUM_CONVERSION = YES;
				CLANG_WARN_INFINITE_RECURSION = YES;
				CLANG_WARN_INT_CONVERSION = YES;
				CLANG_WARN_NON_LITERAL_NULL_CONVERSION = YES;
				CLANG_WARN_OBJC_IMPLICIT_RETAIN_SELF = YES;
				CLANG_WARN_OBJC_LITERAL_CONVERSION = YES;
				CLANG_WARN_OBJC_ROOT_CLASS = YES_ERROR;
				CLANG_WARN_QUOTED_INCLUDE_IN_FRAMEWORK_HEADER = YES;
				CLANG_WARN_RANGE_LOOP_ANALYSIS = YES;
				CLANG_WARN_STRICT_PROTOTYPES = YES;
				CLANG_WARN_SUSPICIOUS_MOVE = YES;
				CLANG_WARN_UNGUARDED_AVAILABILITY = YES_AGGRESSIVE;
				CLANG_WARN_UNREACHABLE_CODE = YES;
				CLANG_WARN__DUPLICATE_METHOD_MATCH = YES;
				COPY_PHASE_STRIP = NO;
				DEBUG_INFORMATION_FORMAT = dwarf;
				ENABLE_STRICT_OBJC_MSGSEND = YES;
				ENABLE_TESTABILITY = YES;
				GCC_C_LANGUAGE_STANDARD = gnu11;
				GCC_DYNAMIC_NO_PIC = NO;
				GCC_NO_COMMON_BLOCKS = YES;
				GCC_OPTIMIZATION_LEVEL = 0;
				GCC_PREPROCESSOR_DEFINITIONS = (
					"DEBUG=1",
					"$(inherited)",
				);
				GCC_WARN_64_TO_32_BIT_CONVERSION = YES;
				GCC_WARN_ABOUT_RETURN_TYPE = YES_ERROR;
				GCC_WARN_UNDECLARED_SELECTOR = YES;
				GCC_WARN_UNINITIALIZED_AUTOS = YES_AGGRESSIVE;
				GCC_WARN_UNUSED_FUNCTION = YES;
				GCC_WARN_UNUSED_VARIABLE = YES;
				IPHONEOS_DEPLOYMENT_TARGET = 16.2;
				MTL_ENABLE_DEBUG_INFO = INCLUDE_SOURCE;
				MTL_FAST_MATH = YES;
				ONLY_ACTIVE_ARCH = YES;
				SDKROOT = iphoneos;
				SWIFT_ACTIVE_COMPILATION_CONDITIONS = DEBUG;
				SWIFT_OPTIMIZATION_LEVEL = "-Onone";
			};
			name = Debug;
		};
		43D9D31329DD93180076CF5B /* Release */ = {
			isa = XCBuildConfiguration;
			buildSettings = {
				ALWAYS_SEARCH_USER_PATHS = NO;
				CLANG_ANALYZER_NONNULL = YES;
				CLANG_ANALYZER_NUMBER_OBJECT_CONVERSION = YES_AGGRESSIVE;
				CLANG_CXX_LANGUAGE_STANDARD = "gnu++20";
				CLANG_ENABLE_MODULES = YES;
				CLANG_ENABLE_OBJC_ARC = YES;
				CLANG_ENABLE_OBJC_WEAK = YES;
				CLANG_WARN_BLOCK_CAPTURE_AUTORELEASING = YES;
				CLANG_WARN_BOOL_CONVERSION = YES;
				CLANG_WARN_COMMA = YES;
				CLANG_WARN_CONSTANT_CONVERSION = YES;
				CLANG_WARN_DEPRECATED_OBJC_IMPLEMENTATIONS = YES;
				CLANG_WARN_DIRECT_OBJC_ISA_USAGE = YES_ERROR;
				CLANG_WARN_DOCUMENTATION_COMMENTS = YES;
				CLANG_WARN_EMPTY_BODY = YES;
				CLANG_WARN_ENUM_CONVERSION = YES;
				CLANG_WARN_INFINITE_RECURSION = YES;
				CLANG_WARN_INT_CONVERSION = YES;
				CLANG_WARN_NON_LITERAL_NULL_CONVERSION = YES;
				CLANG_WARN_OBJC_IMPLICIT_RETAIN_SELF = YES;
				CLANG_WARN_OBJC_LITERAL_CONVERSION = YES;
				CLANG_WARN_OBJC_ROOT_CLASS = YES_ERROR;
				CLANG_WARN_QUOTED_INCLUDE_IN_FRAMEWORK_HEADER = YES;
				CLANG_WARN_RANGE_LOOP_ANALYSIS = YES;
				CLANG_WARN_STRICT_PROTOTYPES = YES;
				CLANG_WARN_SUSPICIOUS_MOVE = YES;
				CLANG_WARN_UNGUARDED_AVAILABILITY = YES_AGGRESSIVE;
				CLANG_WARN_UNREACHABLE_CODE = YES;
				CLANG_WARN__DUPLICATE_METHOD_MATCH = YES;
				COPY_PHASE_STRIP = NO;
				DEBUG_INFORMATION_FORMAT = "dwarf-with-dsym";
				ENABLE_NS_ASSERTIONS = NO;
				ENABLE_STRICT_OBJC_MSGSEND = YES;
				GCC_C_LANGUAGE_STANDARD = gnu11;
				GCC_NO_COMMON_BLOCKS = YES;
				GCC_WARN_64_TO_32_BIT_CONVERSION = YES;
				GCC_WARN_ABOUT_RETURN_TYPE = YES_ERROR;
				GCC_WARN_UNDECLARED_SELECTOR = YES;
				GCC_WARN_UNINITIALIZED_AUTOS = YES_AGGRESSIVE;
				GCC_WARN_UNUSED_FUNCTION = YES;
				GCC_WARN_UNUSED_VARIABLE = YES;
				IPHONEOS_DEPLOYMENT_TARGET = 16.2;
				MTL_ENABLE_DEBUG_INFO = NO;
				MTL_FAST_MATH = YES;
				SDKROOT = iphoneos;
				SWIFT_COMPILATION_MODE = wholemodule;
				SWIFT_OPTIMIZATION_LEVEL = "-O";
				VALIDATE_PRODUCT = YES;
			};
			name = Release;
		};
		43D9D31529DD93180076CF5B /* Debug */ = {
			isa = XCBuildConfiguration;
			buildSettings = {
				ASSETCATALOG_COMPILER_APPICON_NAME = AppIcon;
				ASSETCATALOG_COMPILER_GLOBAL_ACCENT_COLOR_NAME = AccentColor;
				CODE_SIGN_STYLE = Automatic;
				CURRENT_PROJECT_VERSION = 1;
				DEVELOPMENT_TEAM = 5K6Q3VCR94;
				GENERATE_INFOPLIST_FILE = YES;
				INFOPLIST_FILE = Breakfast/Info.plist;
				INFOPLIST_KEY_UIApplicationSupportsIndirectInputEvents = YES;
				INFOPLIST_KEY_UILaunchStoryboardName = LaunchScreen;
				INFOPLIST_KEY_UIMainStoryboardFile = Main;
				INFOPLIST_KEY_UISupportedInterfaceOrientations_iPad = "UIInterfaceOrientationPortrait UIInterfaceOrientationPortraitUpsideDown UIInterfaceOrientationLandscapeLeft UIInterfaceOrientationLandscapeRight";
				INFOPLIST_KEY_UISupportedInterfaceOrientations_iPhone = "UIInterfaceOrientationPortrait UIInterfaceOrientationLandscapeLeft UIInterfaceOrientationLandscapeRight";
				LD_RUNPATH_SEARCH_PATHS = (
					"$(inherited)",
					"@executable_path/Frameworks",
				);
				MARKETING_VERSION = 1.0;
				PRODUCT_BUNDLE_IDENTIFIER = Frinantelin.com.Breakfast;
				PRODUCT_NAME = "$(TARGET_NAME)";
				SWIFT_EMIT_LOC_STRINGS = YES;
				SWIFT_VERSION = 5.0;
				TARGETED_DEVICE_FAMILY = "1,2";
			};
			name = Debug;
		};
		43D9D31629DD93180076CF5B /* Release */ = {
			isa = XCBuildConfiguration;
			buildSettings = {
				ASSETCATALOG_COMPILER_APPICON_NAME = AppIcon;
				ASSETCATALOG_COMPILER_GLOBAL_ACCENT_COLOR_NAME = AccentColor;
				CODE_SIGN_STYLE = Automatic;
				CURRENT_PROJECT_VERSION = 1;
				DEVELOPMENT_TEAM = 5K6Q3VCR94;
				GENERATE_INFOPLIST_FILE = YES;
				INFOPLIST_FILE = Breakfast/Info.plist;
				INFOPLIST_KEY_UIApplicationSupportsIndirectInputEvents = YES;
				INFOPLIST_KEY_UILaunchStoryboardName = LaunchScreen;
				INFOPLIST_KEY_UIMainStoryboardFile = Main;
				INFOPLIST_KEY_UISupportedInterfaceOrientations_iPad = "UIInterfaceOrientationPortrait UIInterfaceOrientationPortraitUpsideDown UIInterfaceOrientationLandscapeLeft UIInterfaceOrientationLandscapeRight";
				INFOPLIST_KEY_UISupportedInterfaceOrientations_iPhone = "UIInterfaceOrientationPortrait UIInterfaceOrientationLandscapeLeft UIInterfaceOrientationLandscapeRight";
				LD_RUNPATH_SEARCH_PATHS = (
					"$(inherited)",
					"@executable_path/Frameworks",
				);
				MARKETING_VERSION = 1.0;
				PRODUCT_BUNDLE_IDENTIFIER = Frinantelin.com.Breakfast;
				PRODUCT_NAME = "$(TARGET_NAME)";
				SWIFT_EMIT_LOC_STRINGS = YES;
				SWIFT_VERSION = 5.0;
				TARGETED_DEVICE_FAMILY = "1,2";
			};
			name = Release;
		};
/* End XCBuildConfiguration section */

/* Begin XCConfigurationList section */
		43D9D2FB29DD93160076CF5B /* Build configuration list for PBXProject "Breakfast" */ = {
			isa = XCConfigurationList;
			buildConfigurations = (
				43D9D31229DD93180076CF5B /* Debug */,
				43D9D31329DD93180076CF5B /* Release */,
			);
			defaultConfigurationIsVisible = 0;
			defaultConfigurationName = Release;
		};
		43D9D31429DD93180076CF5B /* Build configuration list for PBXNativeTarget "Breakfast" */ = {
			isa = XCConfigurationList;
			buildConfigurations = (
				43D9D31529DD93180076CF5B /* Debug */,
				43D9D31629DD93180076CF5B /* Release */,
			);
			defaultConfigurationIsVisible = 0;
			defaultConfigurationName = Release;
		};
/* End XCConfigurationList section */
	};
	rootObject = 43D9D2F829DD93160076CF5B /* Project object */;
}
